
Microsoft Visual Studio Solution File, Format Version 12.00
# Visual Studio Version 17
VisualStudioVersion = 17.12.35527.113 d17.12
MinimumVisualStudioVersion = 10.0.40219.1
Project("{FAE04EC0-301F-11D3-BF4B-00C04F79EFBC}") = "cms.server", "cms.server\cms.server.csproj", "{08EA98EA-636C-4391-A2B8-2CBF5184E957}"
EndProject
Project("{FAE04EC0-301F-11D3-BF4B-00C04F79EFBC}") = "cms.service", "cms.service\cms.service.csproj", "{6170F4D3-A902-4574-9EBF-C1ADE0390131}"
EndProject
Project("{FAE04EC0-301F-11D3-BF4B-00C04F79EFBC}") = "cms.data", "cms.data\cms.data.csproj", "{D4F1845E-A4BC-4D43-81A5-B4B30EEF7074}"
EndProject
Global
	GlobalSection(SolutionConfigurationPlatforms) = preSolution
		Debug|Any CPU = Debug|Any CPU
		Release|Any CPU = Release|Any CPU
	EndGlobalSection
	GlobalSection(ProjectConfigurationPlatforms) = postSolution
		{08EA98EA-636C-4391-A2B8-2CBF5184E957}.Debug|Any CPU.ActiveCfg = Debug|Any CPU
		{08EA98EA-636C-4391-A2B8-2CBF5184E957}.Debug|Any CPU.Build.0 = Debug|Any CPU
		{08EA98EA-636C-4391-A2B8-2CBF5184E957}.Release|Any CPU.ActiveCfg = Release|Any CPU
		{08EA98EA-636C-4391-A2B8-2CBF5184E957}.Release|Any CPU.Build.0 = Release|Any CPU
		{6170F4D3-A902-4574-9EBF-C1ADE0390131}.Debug|Any CPU.ActiveCfg = Debug|Any CPU
		{6170F4D3-A902-4574-9EBF-C1ADE0390131}.Debug|Any CPU.Build.0 = Debug|Any CPU
		{6170F4D3-A902-4574-9EBF-C1ADE0390131}.Release|Any CPU.ActiveCfg = Release|Any CPU
		{6170F4D3-A902-4574-9EBF-C1ADE0390131}.Release|Any CPU.Build.0 = Release|Any CPU
		{D4F1845E-A4BC-4D43-81A5-B4B30EEF7074}.Debug|Any CPU.ActiveCfg = Debug|Any CPU
		{D4F1845E-A4BC-4D43-81A5-B4B30EEF7074}.Debug|Any CPU.Build.0 = Debug|Any CPU
		{D4F1845E-A4BC-4D43-81A5-B4B30EEF7074}.Release|Any CPU.ActiveCfg = Release|Any CPU
		{D4F1845E-A4BC-4D43-81A5-B4B30EEF7074}.Release|Any CPU.Build.0 = Release|Any CPU
	EndGlobalSection
	GlobalSection(SolutionProperties) = preSolution
		HideSolutionNode = FALSE
	EndGlobalSection
EndGlobal
